
Microsoft Visual Studio Solution File, Format Version 12.00
# Visual Studio Version 17
VisualStudioVersion = 17.14.36623.8 d17.14
MinimumVisualStudioVersion = 10.0.40219.1
Project("{FAE04EC0-301F-11D3-BF4B-00C04F79EFBC}") = "Semana_1_Clase_2", "Semana_1_Clase_2.csproj", "{90838BED-0561-4BCA-AC1C-4E3804968FCE}"
EndProject
Global
	GlobalSection(SolutionConfigurationPlatforms) = preSolution
		Debug|Any CPU = Debug|Any CPU
		Release|Any CPU = Release|Any CPU
	EndGlobalSection
	GlobalSection(ProjectConfigurationPlatforms) = postSolution
		{90838BED-0561-4BCA-AC1C-4E3804968FCE}.Debug|Any CPU.ActiveCfg = Debug|Any CPU
		{90838BED-0561-4BCA-AC1C-4E3804968FCE}.Debug|Any CPU.Build.0 = Debug|Any CPU
		{90838BED-0561-4BCA-AC1C-4E3804968FCE}.Release|Any CPU.ActiveCfg = Release|Any CPU
		{90838BED-0561-4BCA-AC1C-4E3804968FCE}.Release|Any CPU.Build.0 = Release|Any CPU
	EndGlobalSection
	GlobalSection(SolutionProperties) = preSolution
		HideSolutionNode = FALSE
	EndGlobalSection
	GlobalSection(ExtensibilityGlobals) = postSolution
		SolutionGuid = {B70FDBF6-081D-4FBD-AE88-183872A0E2CF}
	EndGlobalSection
EndGlobal
